
Microsoft Visual Studio Solution File, Format Version 12.00
# Visual Studio Version 17
VisualStudioVersion = 17.11.35222.181
MinimumVisualStudioVersion = 10.0.40219.1
Project("{FAE04EC0-301F-11D3-BF4B-00C04F79EFBC}") = "VendedoresEj3", "VendedoresEj3\VendedoresEj3.csproj", "{A47AC1DC-7ED4-40CF-829F-10B2A8C5E799}"
EndProject
Global
	GlobalSection(SolutionConfigurationPlatforms) = preSolution
		Debug|Any CPU = Debug|Any CPU
		Release|Any CPU = Release|Any CPU
	EndGlobalSection
	GlobalSection(ProjectConfigurationPlatforms) = postSolution
		{A47AC1DC-7ED4-40CF-829F-10B2A8C5E799}.Debug|Any CPU.ActiveCfg = Debug|Any CPU
		{A47AC1DC-7ED4-40CF-829F-10B2A8C5E799}.Debug|Any CPU.Build.0 = Debug|Any CPU
		{A47AC1DC-7ED4-40CF-829F-10B2A8C5E799}.Release|Any CPU.ActiveCfg = Release|Any CPU
		{A47AC1DC-7ED4-40CF-829F-10B2A8C5E799}.Release|Any CPU.Build.0 = Release|Any CPU
	EndGlobalSection
	GlobalSection(SolutionProperties) = preSolution
		HideSolutionNode = FALSE
	EndGlobalSection
	GlobalSection(ExtensibilityGlobals) = postSolution
		SolutionGuid = {72C92EF9-BBB4-4310-B37E-55BA9516F0EA}
	EndGlobalSection
EndGlobal
