
Microsoft Visual Studio Solution File, Format Version 12.00
# Visual Studio Version 17
VisualStudioVersion = 17.11.35222.181
MinimumVisualStudioVersion = 10.0.40219.1
Project("{FAE04EC0-301F-11D3-BF4B-00C04F79EFBC}") = "SalarioContador", "SalarioContador\SalarioContador.csproj", "{6826F051-E4B5-4741-93DD-71E09876E528}"
EndProject
Global
	GlobalSection(SolutionConfigurationPlatforms) = preSolution
		Debug|Any CPU = Debug|Any CPU
		Release|Any CPU = Release|Any CPU
	EndGlobalSection
	GlobalSection(ProjectConfigurationPlatforms) = postSolution
		{6826F051-E4B5-4741-93DD-71E09876E528}.Debug|Any CPU.ActiveCfg = Debug|Any CPU
		{6826F051-E4B5-4741-93DD-71E09876E528}.Debug|Any CPU.Build.0 = Debug|Any CPU
		{6826F051-E4B5-4741-93DD-71E09876E528}.Release|Any CPU.ActiveCfg = Release|Any CPU
		{6826F051-E4B5-4741-93DD-71E09876E528}.Release|Any CPU.Build.0 = Release|Any CPU
	EndGlobalSection
	GlobalSection(SolutionProperties) = preSolution
		HideSolutionNode = FALSE
	EndGlobalSection
	GlobalSection(ExtensibilityGlobals) = postSolution
		SolutionGuid = {B68A7BD0-A31F-4341-817B-1E08677449EF}
	EndGlobalSection
EndGlobal
